
Microsoft Visual Studio Solution File, Format Version 12.00
Project("{2150E333-8FDC-42A3-9474-1A3956D46DE8}") = "SmsGate", "SmsGate", "{70099228-1033-4CB5-B323-EEAD83DCA068}"
EndProject
Project("{2150E333-8FDC-42A3-9474-1A3956D46DE8}") = "EmailGate", "EmailGate", "{F43F40F0-5D0C-4743-9F3E-68C9A073AFDF}"
EndProject
Project("{2150E333-8FDC-42A3-9474-1A3956D46DE8}") = "Infrastructure", "Infrastructure", "{F6DC80B5-2DCC-4FEF-B3D5-CFF3A11C54A3}"
EndProject
Project("{FAE04EC0-301F-11D3-BF4B-00C04F79EFBC}") = "EmailGate.Api", "EmailGate\EmailGate.Api\EmailGate.Api.csproj", "{476FDE1F-C302-4828-ACAD-22B0473332E9}"
EndProject
Project("{FAE04EC0-301F-11D3-BF4B-00C04F79EFBC}") = "EmailGate.Application", "EmailGate\EmailGate.Application\EmailGate.Application.csproj", "{D50CD759-5F0F-4B8A-980C-9B7A71EA336A}"
EndProject
Project("{FAE04EC0-301F-11D3-BF4B-00C04F79EFBC}") = "EmailGate.Worker", "EmailGate\EmailGate.Worker\EmailGate.Worker.csproj", "{60FD5B18-459A-4FD9-9573-088EF143018E}"
EndProject
Project("{FAE04EC0-301F-11D3-BF4B-00C04F79EFBC}") = "EmailGate.Tests", "EmailGate\EmailGate.Tests\EmailGate.Tests.csproj", "{FD2ABAC1-A9D9-4A24-854F-D7EA98837DD5}"
EndProject
Project("{FAE04EC0-301F-11D3-BF4B-00C04F79EFBC}") = "Infrastructure.EmailGate.DataTypes", "Infrastructure\Infrastructure.EmailGate.DataTypes\Infrastructure.EmailGate.DataTypes.csproj", "{F82C12F3-7C20-49BF-A224-B08E1ACA2A58}"
EndProject
Project("{FAE04EC0-301F-11D3-BF4B-00C04F79EFBC}") = "Infrastructure.EmailGate.Client", "Infrastructure\Infrastructure.EmailGate.Client\Infrastructure.EmailGate.Client.csproj", "{1575B533-52A5-479B-92B9-C840DA435666}"
EndProject
Project("{FAE04EC0-301F-11D3-BF4B-00C04F79EFBC}") = "Infrastructure.EmailGate.Client.PlayGround", "Infrastructure\Infrastructure.EmailGate.Client.PlayGround\Infrastructure.EmailGate.Client.PlayGround.csproj", "{61347860-D37C-4203-AB14-B0C01A12DBFA}"
EndProject
Project("{FAE04EC0-301F-11D3-BF4B-00C04F79EFBC}") = "Infrastructure.SmsGate.DataTypes", "Infrastructure\Infrastructure.SmsGate.DataTypes\Infrastructure.SmsGate.DataTypes.csproj", "{278EF43C-9D83-42F2-AC1C-996B7183006C}"
EndProject
Project("{FAE04EC0-301F-11D3-BF4B-00C04F79EFBC}") = "Infrastructure.SmsGate.Client", "Infrastructure\Infrastructure.SmsGate.Client\Infrastructure.SmsGate.Client.csproj", "{DB2832FF-9430-43A2-B406-50A31CD7B5A6}"
EndProject
Project("{FAE04EC0-301F-11D3-BF4B-00C04F79EFBC}") = "Infrastructure.SmsGate.Client.PlayGround", "Infrastructure\Infrastructure.SmsGate.Client.PlayGround\Infrastructure.SmsGate.Client.PlayGround.csproj", "{BA485C67-1D09-40AF-851D-C2813AFA42AC}"
EndProject
Project("{FAE04EC0-301F-11D3-BF4B-00C04F79EFBC}") = "SmsGate.Application", "SmsGate\SmsGate.Application\SmsGate.Application.csproj", "{5A429D22-DCDC-44FE-B473-2AC15A4FDF34}"
EndProject
Project("{FAE04EC0-301F-11D3-BF4B-00C04F79EFBC}") = "SmsGate.Worker", "SmsGate\SmsGate.Worker\SmsGate.Worker.csproj", "{BA2AC57C-1A42-4FA7-BB00-246AA2E0C359}"
EndProject
Project("{FAE04EC0-301F-11D3-BF4B-00C04F79EFBC}") = "SmsGate.Api", "SmsGate\SmsGate.Api\SmsGate.Api.csproj", "{4C7F4999-2CA7-4883-8CA5-EF0BE9955000}"
EndProject
Project("{FAE04EC0-301F-11D3-BF4B-00C04F79EFBC}") = "SmsGate.Tests", "SmsGate\SmsGate.Tests\SmsGate.Tests.csproj", "{02E5A9CD-49EB-4F37-9981-EFA50F0FCF96}"
EndProject
Global
	GlobalSection(SolutionConfigurationPlatforms) = preSolution
		Debug|Any CPU = Debug|Any CPU
		Release|Any CPU = Release|Any CPU
	EndGlobalSection
	GlobalSection(NestedProjects) = preSolution
		{476FDE1F-C302-4828-ACAD-22B0473332E9} = {F43F40F0-5D0C-4743-9F3E-68C9A073AFDF}
		{D50CD759-5F0F-4B8A-980C-9B7A71EA336A} = {F43F40F0-5D0C-4743-9F3E-68C9A073AFDF}
		{60FD5B18-459A-4FD9-9573-088EF143018E} = {F43F40F0-5D0C-4743-9F3E-68C9A073AFDF}
		{FD2ABAC1-A9D9-4A24-854F-D7EA98837DD5} = {F43F40F0-5D0C-4743-9F3E-68C9A073AFDF}
		{F82C12F3-7C20-49BF-A224-B08E1ACA2A58} = {F6DC80B5-2DCC-4FEF-B3D5-CFF3A11C54A3}
		{1575B533-52A5-479B-92B9-C840DA435666} = {F6DC80B5-2DCC-4FEF-B3D5-CFF3A11C54A3}
		{61347860-D37C-4203-AB14-B0C01A12DBFA} = {F6DC80B5-2DCC-4FEF-B3D5-CFF3A11C54A3}
		{278EF43C-9D83-42F2-AC1C-996B7183006C} = {F6DC80B5-2DCC-4FEF-B3D5-CFF3A11C54A3}
		{DB2832FF-9430-43A2-B406-50A31CD7B5A6} = {F6DC80B5-2DCC-4FEF-B3D5-CFF3A11C54A3}
		{BA485C67-1D09-40AF-851D-C2813AFA42AC} = {F6DC80B5-2DCC-4FEF-B3D5-CFF3A11C54A3}
		{5A429D22-DCDC-44FE-B473-2AC15A4FDF34} = {70099228-1033-4CB5-B323-EEAD83DCA068}
		{BA2AC57C-1A42-4FA7-BB00-246AA2E0C359} = {70099228-1033-4CB5-B323-EEAD83DCA068}
		{4C7F4999-2CA7-4883-8CA5-EF0BE9955000} = {70099228-1033-4CB5-B323-EEAD83DCA068}
		{02E5A9CD-49EB-4F37-9981-EFA50F0FCF96} = {70099228-1033-4CB5-B323-EEAD83DCA068}
	EndGlobalSection
	GlobalSection(ProjectConfigurationPlatforms) = postSolution
		{476FDE1F-C302-4828-ACAD-22B0473332E9}.Debug|Any CPU.ActiveCfg = Debug|Any CPU
		{476FDE1F-C302-4828-ACAD-22B0473332E9}.Debug|Any CPU.Build.0 = Debug|Any CPU
		{476FDE1F-C302-4828-ACAD-22B0473332E9}.Release|Any CPU.ActiveCfg = Release|Any CPU
		{476FDE1F-C302-4828-ACAD-22B0473332E9}.Release|Any CPU.Build.0 = Release|Any CPU
		{D50CD759-5F0F-4B8A-980C-9B7A71EA336A}.Debug|Any CPU.ActiveCfg = Debug|Any CPU
		{D50CD759-5F0F-4B8A-980C-9B7A71EA336A}.Debug|Any CPU.Build.0 = Debug|Any CPU
		{D50CD759-5F0F-4B8A-980C-9B7A71EA336A}.Release|Any CPU.ActiveCfg = Release|Any CPU
		{D50CD759-5F0F-4B8A-980C-9B7A71EA336A}.Release|Any CPU.Build.0 = Release|Any CPU
		{60FD5B18-459A-4FD9-9573-088EF143018E}.Debug|Any CPU.ActiveCfg = Debug|Any CPU
		{60FD5B18-459A-4FD9-9573-088EF143018E}.Debug|Any CPU.Build.0 = Debug|Any CPU
		{60FD5B18-459A-4FD9-9573-088EF143018E}.Release|Any CPU.ActiveCfg = Release|Any CPU
		{60FD5B18-459A-4FD9-9573-088EF143018E}.Release|Any CPU.Build.0 = Release|Any CPU
		{FD2ABAC1-A9D9-4A24-854F-D7EA98837DD5}.Debug|Any CPU.ActiveCfg = Debug|Any CPU
		{FD2ABAC1-A9D9-4A24-854F-D7EA98837DD5}.Debug|Any CPU.Build.0 = Debug|Any CPU
		{FD2ABAC1-A9D9-4A24-854F-D7EA98837DD5}.Release|Any CPU.ActiveCfg = Release|Any CPU
		{FD2ABAC1-A9D9-4A24-854F-D7EA98837DD5}.Release|Any CPU.Build.0 = Release|Any CPU
		{F82C12F3-7C20-49BF-A224-B08E1ACA2A58}.Debug|Any CPU.ActiveCfg = Debug|Any CPU
		{F82C12F3-7C20-49BF-A224-B08E1ACA2A58}.Debug|Any CPU.Build.0 = Debug|Any CPU
		{F82C12F3-7C20-49BF-A224-B08E1ACA2A58}.Release|Any CPU.ActiveCfg = Release|Any CPU
		{F82C12F3-7C20-49BF-A224-B08E1ACA2A58}.Release|Any CPU.Build.0 = Release|Any CPU
		{1575B533-52A5-479B-92B9-C840DA435666}.Debug|Any CPU.ActiveCfg = Debug|Any CPU
		{1575B533-52A5-479B-92B9-C840DA435666}.Debug|Any CPU.Build.0 = Debug|Any CPU
		{1575B533-52A5-479B-92B9-C840DA435666}.Release|Any CPU.ActiveCfg = Release|Any CPU
		{1575B533-52A5-479B-92B9-C840DA435666}.Release|Any CPU.Build.0 = Release|Any CPU
		{61347860-D37C-4203-AB14-B0C01A12DBFA}.Debug|Any CPU.ActiveCfg = Debug|Any CPU
		{61347860-D37C-4203-AB14-B0C01A12DBFA}.Debug|Any CPU.Build.0 = Debug|Any CPU
		{61347860-D37C-4203-AB14-B0C01A12DBFA}.Release|Any CPU.ActiveCfg = Release|Any CPU
		{61347860-D37C-4203-AB14-B0C01A12DBFA}.Release|Any CPU.Build.0 = Release|Any CPU
		{278EF43C-9D83-42F2-AC1C-996B7183006C}.Debug|Any CPU.ActiveCfg = Debug|Any CPU
		{278EF43C-9D83-42F2-AC1C-996B7183006C}.Debug|Any CPU.Build.0 = Debug|Any CPU
		{278EF43C-9D83-42F2-AC1C-996B7183006C}.Release|Any CPU.ActiveCfg = Release|Any CPU
		{278EF43C-9D83-42F2-AC1C-996B7183006C}.Release|Any CPU.Build.0 = Release|Any CPU
		{DB2832FF-9430-43A2-B406-50A31CD7B5A6}.Debug|Any CPU.ActiveCfg = Debug|Any CPU
		{DB2832FF-9430-43A2-B406-50A31CD7B5A6}.Debug|Any CPU.Build.0 = Debug|Any CPU
		{DB2832FF-9430-43A2-B406-50A31CD7B5A6}.Release|Any CPU.ActiveCfg = Release|Any CPU
		{DB2832FF-9430-43A2-B406-50A31CD7B5A6}.Release|Any CPU.Build.0 = Release|Any CPU
		{BA485C67-1D09-40AF-851D-C2813AFA42AC}.Debug|Any CPU.ActiveCfg = Debug|Any CPU
		{BA485C67-1D09-40AF-851D-C2813AFA42AC}.Debug|Any CPU.Build.0 = Debug|Any CPU
		{BA485C67-1D09-40AF-851D-C2813AFA42AC}.Release|Any CPU.ActiveCfg = Release|Any CPU
		{BA485C67-1D09-40AF-851D-C2813AFA42AC}.Release|Any CPU.Build.0 = Release|Any CPU
		{5A429D22-DCDC-44FE-B473-2AC15A4FDF34}.Debug|Any CPU.ActiveCfg = Debug|Any CPU
		{5A429D22-DCDC-44FE-B473-2AC15A4FDF34}.Debug|Any CPU.Build.0 = Debug|Any CPU
		{5A429D22-DCDC-44FE-B473-2AC15A4FDF34}.Release|Any CPU.ActiveCfg = Release|Any CPU
		{5A429D22-DCDC-44FE-B473-2AC15A4FDF34}.Release|Any CPU.Build.0 = Release|Any CPU
		{BA2AC57C-1A42-4FA7-BB00-246AA2E0C359}.Debug|Any CPU.ActiveCfg = Debug|Any CPU
		{BA2AC57C-1A42-4FA7-BB00-246AA2E0C359}.Debug|Any CPU.Build.0 = Debug|Any CPU
		{BA2AC57C-1A42-4FA7-BB00-246AA2E0C359}.Release|Any CPU.ActiveCfg = Release|Any CPU
		{BA2AC57C-1A42-4FA7-BB00-246AA2E0C359}.Release|Any CPU.Build.0 = Release|Any CPU
		{4C7F4999-2CA7-4883-8CA5-EF0BE9955000}.Debug|Any CPU.ActiveCfg = Debug|Any CPU
		{4C7F4999-2CA7-4883-8CA5-EF0BE9955000}.Debug|Any CPU.Build.0 = Debug|Any CPU
		{4C7F4999-2CA7-4883-8CA5-EF0BE9955000}.Release|Any CPU.ActiveCfg = Release|Any CPU
		{4C7F4999-2CA7-4883-8CA5-EF0BE9955000}.Release|Any CPU.Build.0 = Release|Any CPU
		{02E5A9CD-49EB-4F37-9981-EFA50F0FCF96}.Debug|Any CPU.ActiveCfg = Debug|Any CPU
		{02E5A9CD-49EB-4F37-9981-EFA50F0FCF96}.Debug|Any CPU.Build.0 = Debug|Any CPU
		{02E5A9CD-49EB-4F37-9981-EFA50F0FCF96}.Release|Any CPU.ActiveCfg = Release|Any CPU
		{02E5A9CD-49EB-4F37-9981-EFA50F0FCF96}.Release|Any CPU.Build.0 = Release|Any CPU
	EndGlobalSection
EndGlobal
